hash: 679d753b995d12dc7983c8e518b8c82c36fcea4d63d094dc7b0fd15f7de7450a
updated: 2018-01-20T21:00:14.464592-06:00
imports:
- name: github.com/golang/glog
  version: 23def4e6c14b4da8ac2ed8007337bc5eb5007998
- name: github.com/jmoiron/sqlx
  version: de8647470aafe4854c976707c431dbe1eb2822c6
- name: github.com/mattn/go-sqlite3
  version: 6c771bb9887719704b210e87e934f08be014bdb1
- name: gopkg.in/yaml.v2
  version: d670f9405373e636a5a2765eea47fac0c9bc91a4
testImports: []
