hash: 35d315c559415c677cf5afda832cb3b62ead1233fa25a67b89a44fcf874bc6d2
updated: 2018-02-02T20:18:58.426917511Z
imports:
- name: github.com/golang/glog
  version: 23def4e6c14b4da8ac2ed8007337bc5eb5007998
- name: github.com/jmoiron/sqlx
  version: 05cef0741ade10ca668982355b3f3f0bcf0ff0a8
  subpackages:
  - reflectx
- name: github.com/mattn/go-sqlite3
  version: cf92a0c6c881ae9db15f8720a7be6439c24b4b7c
- name: gopkg.in/yaml.v2
  version: d670f9405373e636a5a2765eea47fac0c9bc91a4
testImports:
- name: github.com/stretchr/testify
  version: 69483b4bd14f5845b5a1e55bca19e954e827f1d0
  subpackages:
  - assert
